
Microsoft Visual Studio Solution File, Format Version 12.00
# Visual Studio Version 17
VisualStudioVersion = 17.11.35222.181
MinimumVisualStudioVersion = 10.0.40219.1
Project("{FAE04EC0-301F-11D3-BF4B-00C04F79EFBC}") = "TicketPriceCalculator", "TicketPriceCalculator.csproj", "{B110542A-E84D-4524-9AB6-EB7DA4556112}"
EndProject
Global
	GlobalSection(SolutionConfigurationPlatforms) = preSolution
		Debug|Any CPU = Debug|Any CPU
		Release|Any CPU = Release|Any CPU
	EndGlobalSection
	GlobalSection(ProjectConfigurationPlatforms) = postSolution
		{B110542A-E84D-4524-9AB6-EB7DA4556112}.Debug|Any CPU.ActiveCfg = Debug|Any CPU
		{B110542A-E84D-4524-9AB6-EB7DA4556112}.Debug|Any CPU.Build.0 = Debug|Any CPU
		{B110542A-E84D-4524-9AB6-EB7DA4556112}.Release|Any CPU.ActiveCfg = Release|Any CPU
		{B110542A-E84D-4524-9AB6-EB7DA4556112}.Release|Any CPU.Build.0 = Release|Any CPU
	EndGlobalSection
	GlobalSection(SolutionProperties) = preSolution
		HideSolutionNode = FALSE
	EndGlobalSection
	GlobalSection(ExtensibilityGlobals) = postSolution
		SolutionGuid = {F87A2488-4943-462D-A3D3-DF55584E2E4E}
	EndGlobalSection
EndGlobal
